Microsoft Visual Studio Solution File, Format Version 12.00
# Visual Studio Version 17
VisualStudioVersion = 17.5.2.0
MinimumVisualStudioVersion = 10.0.40219.1
Project("{FAE04EC0-301F-11D3-BF4B-00C04F79EFBC}") = "ApiCatalago", "ApiCatalago.csproj", "{B68CB551-E65D-88ED-B21D-3BEBAFBB3BF4}"
EndProject
Project("{FAE04EC0-301F-11D3-BF4B-00C04F79EFBC}") = "ApiCatalagoXUnitTest", "..\ApiCatalagoXUnitTest\ApiCatalagoXUnitTest.csproj", "{D287D3E6-7311-4A2D-91E3-920D8A8B762D}"
EndProject
Global
	GlobalSection(SolutionConfigurationPlatforms) = preSolution
		Debug|Any CPU = Debug|Any CPU
		Release|Any CPU = Release|Any CPU
	EndGlobalSection
	GlobalSection(ProjectConfigurationPlatforms) = postSolution
		{B68CB551-E65D-88ED-B21D-3BEBAFBB3BF4}.Debug|Any CPU.ActiveCfg = Debug|Any CPU
		{B68CB551-E65D-88ED-B21D-3BEBAFBB3BF4}.Debug|Any CPU.Build.0 = Debug|Any CPU
		{B68CB551-E65D-88ED-B21D-3BEBAFBB3BF4}.Release|Any CPU.ActiveCfg = Release|Any CPU
		{B68CB551-E65D-88ED-B21D-3BEBAFBB3BF4}.Release|Any CPU.Build.0 = Release|Any CPU
		{D287D3E6-7311-4A2D-91E3-920D8A8B762D}.Debug|Any CPU.ActiveCfg = Debug|Any CPU
		{D287D3E6-7311-4A2D-91E3-920D8A8B762D}.Debug|Any CPU.Build.0 = Debug|Any CPU
		{D287D3E6-7311-4A2D-91E3-920D8A8B762D}.Release|Any CPU.ActiveCfg = Release|Any CPU
		{D287D3E6-7311-4A2D-91E3-920D8A8B762D}.Release|Any CPU.Build.0 = Release|Any CPU
	EndGlobalSection
	GlobalSection(SolutionProperties) = preSolution
		HideSolutionNode = FALSE
	EndGlobalSection
	GlobalSection(ExtensibilityGlobals) = postSolution
		SolutionGuid = {94DC8450-B6F7-471D-B661-F8EFF4DDDCAB}
	EndGlobalSection
EndGlobal
